<Solution>
  <Folder Name="/1 - Presentation/">
    <Project Path="GRA.Api/GRA.Api.csproj" />
  </Folder>
  <Folder Name="/2 - Application/">
    <Project Path="GRA.Application/GRA.Application.csproj" />
  </Folder>
  <Folder Name="/3 - Domain/">
    <Project Path="GRA.Domain/GRA.Domain.csproj" />
  </Folder>
  <Folder Name="/4 - Infrastructure/">
    <Project Path="GRA.Infra.Persistence/GRA.Infra.Persistence.csproj" />
  </Folder>
  <Folder Name="/4 - Infrastructure/Crosscutting/">
    <Project Path="GRA.Infra.CrossCutting.IoC/GRA.Infra.CrossCutting.IoC.csproj" />
  </Folder>
  <Folder Name="/4 - Infrastructure/Security/">
    <Project Path="GRA.Infra.Security/GRA.Infra.Security.csproj" />
  </Folder>
  <Folder Name="/5 - Shared/">
    <Project Path="GRA.Shared/GRA.Shared.csproj" />
  </Folder>
</Solution>
